// !$*UTF8*$!
{
	archiveVersion = 1;
	classes = {
	};
	objectVersion = 52;
	objects = {

/* Begin PBXBuildFile section */
		DA0BA1802757FA780049D2E8 /* AppDelegate.swift in Sources */ = {isa = PBXBuildFile; fileRef = DA0BA17F2757FA780049D2E8 /* AppDelegate.swift */; };
		DA0BA1822757FA780049D2E8 /* SceneDelegate.swift in Sources */ = {isa = PBXBuildFile; fileRef = DA0BA1812757FA780049D2E8 /* SceneDelegate.swift */; };
		DA0BA1872757FA780049D2E8 /* Main.storyboard in Resources */ = {isa = PBXBuildFile; fileRef = DA0BA1852757FA780049D2E8 /* Main.storyboard */; };
		DA0BA1892757FA7A0049D2E8 /* Assets.xcassets in Resources */ = {isa = PBXBuildFile; fileRef = DA0BA1882757FA7A0049D2E8 /* Assets.xcassets */; };
		DA0BA18C2757FA7A0049D2E8 /* LaunchScreen.storyboard in Resources */ = {isa = PBXBuildFile; fileRef = DA0BA18A2757FA7A0049D2E8 /* LaunchScreen.storyboard */; };
		DA1B17A227597287006E3C21 /* UserModel.swift in Sources */ = {isa = PBXBuildFile; fileRef = DA1B17A127597287006E3C21 /* UserModel.swift */; };
		DA1DF0D1275900F700636D7B /* Coordinator.swift in Sources */ = {isa = PBXBuildFile; fileRef = DA1DF0CF275900F700636D7B /* Coordinator.swift */; };
		DA1DF0D2275900F700636D7B /* CoordinatorPrototype.swift in Sources */ = {isa = PBXBuildFile; fileRef = DA1DF0D0275900F700636D7B /* CoordinatorPrototype.swift */; };
		DA1DF0D62759165D00636D7B /* RxSwift in Frameworks */ = {isa = PBXBuildFile; productRef = DA1DF0D52759165D00636D7B /* RxSwift */; };
		DA1DF0D82759165D00636D7B /* RxCocoa in Frameworks */ = {isa = PBXBuildFile; productRef = DA1DF0D72759165D00636D7B /* RxCocoa */; };
		DA1DF0DA2759165D00636D7B /* RxRelay in Frameworks */ = {isa = PBXBuildFile; productRef = DA1DF0D92759165D00636D7B /* RxRelay */; };
		DA1DF0DE2759173300636D7B /* SnapKit in Frameworks */ = {isa = PBXBuildFile; productRef = DA1DF0DD2759173300636D7B /* SnapKit */; };
		DA1DF0E12759179C00636D7B /* AppCoordinator.swift in Sources */ = {isa = PBXBuildFile; fileRef = DA1DF0E02759179C00636D7B /* AppCoordinator.swift */; };
		DA1DF0E627591A4800636D7B /* LoginCoordinator.swift in Sources */ = {isa = PBXBuildFile; fileRef = DA1DF0E327591A4800636D7B /* LoginCoordinator.swift */; };
		DA1DF0E727591A4800636D7B /* LoginViewController.swift in Sources */ = {isa = PBXBuildFile; fileRef = DA1DF0E427591A4800636D7B /* LoginViewController.swift */; };
		DA1DF0E827591A4800636D7B /* LoginViewModel.swift in Sources */ = {isa = PBXBuildFile; fileRef = DA1DF0E527591A4800636D7B /* LoginViewModel.swift */; };
		DA1DF0ED2759291000636D7B /* CellExtension.swift in Sources */ = {isa = PBXBuildFile; fileRef = DA1DF0EC2759291000636D7B /* CellExtension.swift */; };
		DA1DF0F02759292C00636D7B /* PrepareClassInstance.swift in Sources */ = {isa = PBXBuildFile; fileRef = DA1DF0EF2759292C00636D7B /* PrepareClassInstance.swift */; };
		DA1DF1152759511400636D7B /* CombineMoya in Frameworks */ = {isa = PBXBuildFile; productRef = DA1DF1142759511400636D7B /* CombineMoya */; };
		DA1DF1172759511400636D7B /* Moya in Frameworks */ = {isa = PBXBuildFile; productRef = DA1DF1162759511400636D7B /* Moya */; };
		DA1DF1192759511400636D7B /* RxMoya in Frameworks */ = {isa = PBXBuildFile; productRef = DA1DF1182759511400636D7B /* RxMoya */; };
		DA1DF11D2759517100636D7B /* Kingfisher in Frameworks */ = {isa = PBXBuildFile; productRef = DA1DF11C2759517100636D7B /* Kingfisher */; };
		DA1DF1222759530D00636D7B /* OAuthModel.swift in Sources */ = {isa = PBXBuildFile; fileRef = DA1DF1212759530D00636D7B /* OAuthModel.swift */; };
		DA1DF1262759536F00636D7B /* AuthAPI.swift in Sources */ = {isa = PBXBuildFile; fileRef = DA1DF1252759536F00636D7B /* AuthAPI.swift */; };
		DA1DF12A2759543300636D7B /* GUTargetType.swift in Sources */ = {isa = PBXBuildFile; fileRef = DA1DF1292759543300636D7B /* GUTargetType.swift */; };
		DA1DF12D2759545200636D7B /* Decision.swift in Sources */ = {isa = PBXBuildFile; fileRef = DA1DF12C2759545200636D7B /* Decision.swift */; };
		DA1DF130275955DF00636D7B /* APIBase.swift in Sources */ = {isa = PBXBuildFile; fileRef = DA1DF12F275955DF00636D7B /* APIBase.swift */; };
/* End PBXBuildFile section */

/* Begin PBXFileReference section */
		DA0BA17C2757FA780049D2E8 /* GithubUser.app */ = {isa = PBXFileReference; explicitFileType = wrapper.application; includeInIndex = 0; path = GithubUser.app; sourceTree = BUILT_PRODUCTS_DIR; };
		DA0BA17F2757FA780049D2E8 /* AppDelegate.swift */ = {isa = PBXFileReference; lastKnownFileType = sourcecode.swift; path = AppDelegate.swift; sourceTree = "<group>"; };
		DA0BA1812757FA780049D2E8 /* SceneDelegate.swift */ = {isa = PBXFileReference; lastKnownFileType = sourcecode.swift; path = SceneDelegate.swift; sourceTree = "<group>"; };
		DA0BA1862757FA780049D2E8 /* Base */ = {isa = PBXFileReference; lastKnownFileType = file.storyboard; name = Base; path = Base.lproj/Main.storyboard; sourceTree = "<group>"; };
		DA0BA1882757FA7A0049D2E8 /* Assets.xcassets */ = {isa = PBXFileReference; lastKnownFileType = folder.assetcatalog; path = Assets.xcassets; sourceTree = "<group>"; };
		DA0BA18B2757FA7A0049D2E8 /* Base */ = {isa = PBXFileReference; lastKnownFileType = file.storyboard; name = Base; path = Base.lproj/LaunchScreen.storyboard; sourceTree = "<group>"; };
		DA0BA18D2757FA7A0049D2E8 /* Info.plist */ = {isa = PBXFileReference; lastKnownFileType = text.plist.xml; path = Info.plist; sourceTree = "<group>"; };
		DA1B17A127597287006E3C21 /* UserModel.swift */ = {isa = PBXFileReference; lastKnownFileType = sourcecode.swift; path = UserModel.swift; sourceTree = "<group>"; };
		DA1DF0CF275900F700636D7B /* Coordinator.swift */ = {isa = PBXFileReference; fileEncoding = 4; lastKnownFileType = sourcecode.swift; path = Coordinator.swift; sourceTree = "<group>"; };
		DA1DF0D0275900F700636D7B /* CoordinatorPrototype.swift */ = {isa = PBXFileReference; fileEncoding = 4; lastKnownFileType = sourcecode.swift; path = CoordinatorPrototype.swift; sourceTree = "<group>"; };
		DA1DF0E02759179C00636D7B /* AppCoordinator.swift */ = {isa = PBXFileReference; lastKnownFileType = sourcecode.swift; path = AppCoordinator.swift; sourceTree = "<group>"; };
		DA1DF0E327591A4800636D7B /* LoginCoordinator.swift */ = {isa = PBXFileReference; lastKnownFileType = sourcecode.swift; path = LoginCoordinator.swift; sourceTree = "<group>"; };
		DA1DF0E427591A4800636D7B /* LoginViewController.swift */ = {isa = PBXFileReference; lastKnownFileType = sourcecode.swift; path = LoginViewController.swift; sourceTree = "<group>"; };
		DA1DF0E527591A4800636D7B /* LoginViewModel.swift */ = {isa = PBXFileReference; lastKnownFileType = sourcecode.swift; path = LoginViewModel.swift; sourceTree = "<group>"; };
		DA1DF0EC2759291000636D7B /* CellExtension.swift */ = {isa = PBXFileReference; fileEncoding = 4; lastKnownFileType = sourcecode.swift; path = CellExtension.swift; sourceTree = "<group>"; };
		DA1DF0EF2759292C00636D7B /* PrepareClassInstance.swift */ = {isa = PBXFileReference; lastKnownFileType = sourcecode.swift; path = PrepareClassInstance.swift; sourceTree = "<group>"; };
		DA1DF1212759530D00636D7B /* OAuthModel.swift */ = {isa = PBXFileReference; lastKnownFileType = sourcecode.swift; path = OAuthModel.swift; sourceTree = "<group>"; };
		DA1DF1252759536F00636D7B /* AuthAPI.swift */ = {isa = PBXFileReference; lastKnownFileType = sourcecode.swift; path = AuthAPI.swift; sourceTree = "<group>"; };
		DA1DF1292759543300636D7B /* GUTargetType.swift */ = {isa = PBXFileReference; lastKnownFileType = sourcecode.swift; path = GUTargetType.swift; sourceTree = "<group>"; };
		DA1DF12C2759545200636D7B /* Decision.swift */ = {isa = PBXFileReference; lastKnownFileType = sourcecode.swift; path = Decision.swift; sourceTree = "<group>"; };
		DA1DF12F275955DF00636D7B /* APIBase.swift */ = {isa = PBXFileReference; lastKnownFileType = sourcecode.swift; path = APIBase.swift; sourceTree = "<group>"; };
/* End PBXFileReference section */

/* Begin PBXFrameworksBuildPhase section */
		DA0BA1792757FA780049D2E8 /* Frameworks */ = {
			isa = PBXFrameworksBuildPhase;
			buildActionMask = 2147483647;
			files = (
				DA1DF0DA2759165D00636D7B /* RxRelay in Frameworks */,
				DA1DF0DE2759173300636D7B /* SnapKit in Frameworks */,
				DA1DF1172759511400636D7B /* Moya in Frameworks */,
				DA1DF0D82759165D00636D7B /* RxCocoa in Frameworks */,
				DA1DF11D2759517100636D7B /* Kingfisher in Frameworks */,
				DA1DF1192759511400636D7B /* RxMoya in Frameworks */,
				DA1DF1152759511400636D7B /* CombineMoya in Frameworks */,
				DA1DF0D62759165D00636D7B /* RxSwift in Frameworks */,
			);
			runOnlyForDeploymentPostprocessing = 0;
		};
/* End PBXFrameworksBuildPhase section */

/* Begin PBXGroup section */
		DA0BA1732757FA780049D2E8 = {
			isa = PBXGroup;
			children = (
				DA0BA17E2757FA780049D2E8 /* GithubUser */,
				DA0BA17D2757FA780049D2E8 /* Products */,
			);
			sourceTree = "<group>";
		};
		DA0BA17D2757FA780049D2E8 /* Products */ = {
			isa = PBXGroup;
			children = (
				DA0BA17C2757FA780049D2E8 /* GithubUser.app */,
			);
			name = Products;
			sourceTree = "<group>";
		};
		DA0BA17E2757FA780049D2E8 /* GithubUser */ = {
			isa = PBXGroup;
			children = (
				DA1DF0C72758F86B00636D7B /* App */,
				DA1DF0C82758F87A00636D7B /* Coordinators */,
				DA1DF0C92758F88300636D7B /* Views */,
				DA1DF0CA2758F88A00636D7B /* ViewModels */,
				DA1DF0CB2758F89200636D7B /* Models */,
				DA1DF120275952D300636D7B /* Network */,
				DA1DF0CC2758F89600636D7B /* Utilities */,
			);
			path = GithubUser;
			sourceTree = "<group>";
		};
		DA1DF0C72758F86B00636D7B /* App */ = {
			isa = PBXGroup;
			children = (
				DA0BA17F2757FA780049D2E8 /* AppDelegate.swift */,
				DA0BA1812757FA780049D2E8 /* SceneDelegate.swift */,
				DA0BA1852757FA780049D2E8 /* Main.storyboard */,
				DA0BA18A2757FA7A0049D2E8 /* LaunchScreen.storyboard */,
				DA0BA18D2757FA7A0049D2E8 /* Info.plist */,
				DA0BA1882757FA7A0049D2E8 /* Assets.xcassets */,
			);
			path = App;
			sourceTree = "<group>";
		};
		DA1DF0C82758F87A00636D7B /* Coordinators */ = {
			isa = PBXGroup;
			children = (
				DA1DF0CF275900F700636D7B /* Coordinator.swift */,
				DA1DF0D0275900F700636D7B /* CoordinatorPrototype.swift */,
				DA1DF0E02759179C00636D7B /* AppCoordinator.swift */,
				DA1DF0E327591A4800636D7B /* LoginCoordinator.swift */,
			);
			path = Coordinators;
			sourceTree = "<group>";
		};
		DA1DF0C92758F88300636D7B /* Views */ = {
			isa = PBXGroup;
			children = (
				DA1DF0E427591A4800636D7B /* LoginViewController.swift */,
			);
			path = Views;
			sourceTree = "<group>";
		};
		DA1DF0CA2758F88A00636D7B /* ViewModels */ = {
			isa = PBXGroup;
			children = (
				DA1DF0E527591A4800636D7B /* LoginViewModel.swift */,
			);
			path = ViewModels;
			sourceTree = "<group>";
		};
		DA1DF0CB2758F89200636D7B /* Models */ = {
			isa = PBXGroup;
			children = (
				DA1DF1212759530D00636D7B /* OAuthModel.swift */,
				DA1B17A127597287006E3C21 /* UserModel.swift */,
			);
			path = Models;
			sourceTree = "<group>";
		};
		DA1DF0CC2758F89600636D7B /* Utilities */ = {
			isa = PBXGroup;
			children = (
				DA1DF0EB2759290800636D7B /* Extension */,
				DA1DF0EF2759292C00636D7B /* PrepareClassInstance.swift */,
			);
			path = Utilities;
			sourceTree = "<group>";
		};
		DA1DF0EB2759290800636D7B /* Extension */ = {
			isa = PBXGroup;
			children = (
				DA1DF0EC2759291000636D7B /* CellExtension.swift */,
			);
			path = Extension;
			sourceTree = "<group>";
		};
		DA1DF120275952D300636D7B /* Network */ = {
			isa = PBXGroup;
			children = (
				DA1DF128275953F200636D7B /* APIObjects */,
				DA1DF1292759543300636D7B /* GUTargetType.swift */,
				DA1DF12C2759545200636D7B /* Decision.swift */,
				DA1DF12F275955DF00636D7B /* APIBase.swift */,
			);
			path = Network;
			sourceTree = "<group>";
		};
		DA1DF128275953F200636D7B /* APIObjects */ = {
			isa = PBXGroup;
			children = (
				DA1DF1252759536F00636D7B /* AuthAPI.swift */,
			);
			path = APIObjects;
			sourceTree = "<group>";
		};
/* End PBXGroup section */

/* Begin PBXNativeTarget section */
		DA0BA17B2757FA780049D2E8 /* GithubUser */ = {
			isa = PBXNativeTarget;
			buildConfigurationList = DA0BA1902757FA7A0049D2E8 /* Build configuration list for PBXNativeTarget "GithubUser" */;
			buildPhases = (
				DA0BA1782757FA780049D2E8 /* Sources */,
				DA0BA1792757FA780049D2E8 /* Frameworks */,
				DA0BA17A2757FA780049D2E8 /* Resources */,
			);
			buildRules = (
			);
			dependencies = (
			);
			name = GithubUser;
			packageProductDependencies = (
				DA1DF0D52759165D00636D7B /* RxSwift */,
				DA1DF0D72759165D00636D7B /* RxCocoa */,
				DA1DF0D92759165D00636D7B /* RxRelay */,
				DA1DF0DD2759173300636D7B /* SnapKit */,
				DA1DF1142759511400636D7B /* CombineMoya */,
				DA1DF1162759511400636D7B /* Moya */,
				DA1DF1182759511400636D7B /* RxMoya */,
				DA1DF11C2759517100636D7B /* Kingfisher */,
			);
			productName = GithubUser;
			productReference = DA0BA17C2757FA780049D2E8 /* GithubUser.app */;
			productType = "com.apple.product-type.application";
		};
/* End PBXNativeTarget section */

/* Begin PBXProject section */
		DA0BA1742757FA780049D2E8 /* Project object */ = {
			isa = PBXProject;
			attributes = {
				LastSwiftUpdateCheck = 1240;
				LastUpgradeCheck = 1240;
				TargetAttributes = {
					DA0BA17B2757FA780049D2E8 = {
						CreatedOnToolsVersion = 12.4;
					};
				};
			};
			buildConfigurationList = DA0BA1772757FA780049D2E8 /* Build configuration list for PBXProject "GithubUser" */;
			compatibilityVersion = "Xcode 9.3";
			developmentRegion = en;
			hasScannedForEncodings = 0;
			knownRegions = (
				en,
				Base,
			);
			mainGroup = DA0BA1732757FA780049D2E8;
			packageReferences = (
				DA1DF0D42759165D00636D7B /* XCRemoteSwiftPackageReference "RxSwift" */,
				DA1DF0DC2759173300636D7B /* XCRemoteSwiftPackageReference "SnapKit" */,
				DA1DF1132759511400636D7B /* XCRemoteSwiftPackageReference "Moya" */,
				DA1DF11B2759517100636D7B /* XCRemoteSwiftPackageReference "Kingfisher" */,
			);
			productRefGroup = DA0BA17D2757FA780049D2E8 /* Products */;
			projectDirPath = "";
			projectRoot = "";
			targets = (
				DA0BA17B2757FA780049D2E8 /* GithubUser */,
			);
		};
/* End PBXProject section */

/* Begin PBXResourcesBuildPhase section */
		DA0BA17A2757FA780049D2E8 /* Resources */ = {
			isa = PBXResourcesBuildPhase;
			buildActionMask = 2147483647;
			files = (
				DA0BA18C2757FA7A0049D2E8 /* LaunchScreen.storyboard in Resources */,
				DA0BA1892757FA7A0049D2E8 /* Assets.xcassets in Resources */,
				DA0BA1872757FA780049D2E8 /* Main.storyboard in Resources */,
			);
			runOnlyForDeploymentPostprocessing = 0;
		};
/* End PBXResourcesBuildPhase section */

/* Begin PBXSourcesBuildPhase section */
		DA0BA1782757FA780049D2E8 /* Sources */ = {
			isa = PBXSourcesBuildPhase;
			buildActionMask = 2147483647;
			files = (
				DA1DF12A2759543300636D7B /* GUTargetType.swift in Sources */,
				DA1DF0E727591A4800636D7B /* LoginViewController.swift in Sources */,
				DA1DF0E627591A4800636D7B /* LoginCoordinator.swift in Sources */,
				DA1DF0ED2759291000636D7B /* CellExtension.swift in Sources */,
				DA0BA1802757FA780049D2E8 /* AppDelegate.swift in Sources */,
				DA1DF1262759536F00636D7B /* AuthAPI.swift in Sources */,
				DA0BA1822757FA780049D2E8 /* SceneDelegate.swift in Sources */,
				DA1DF0E827591A4800636D7B /* LoginViewModel.swift in Sources */,
				DA1DF130275955DF00636D7B /* APIBase.swift in Sources */,
				DA1DF0E12759179C00636D7B /* AppCoordinator.swift in Sources */,
				DA1B17A227597287006E3C21 /* UserModel.swift in Sources */,
				DA1DF12D2759545200636D7B /* Decision.swift in Sources */,
				DA1DF0D1275900F700636D7B /* Coordinator.swift in Sources */,
				DA1DF0D2275900F700636D7B /* CoordinatorPrototype.swift in Sources */,
				DA1DF0F02759292C00636D7B /* PrepareClassInstance.swift in Sources */,
				DA1DF1222759530D00636D7B /* OAuthModel.swift in Sources */,
			);
			runOnlyForDeploymentPostprocessing = 0;
		};
/* End PBXSourcesBuildPhase section */

/* Begin PBXVariantGroup section */
		DA0BA1852757FA780049D2E8 /* Main.storyboard */ = {
			isa = PBXVariantGroup;
			children = (
				DA0BA1862757FA780049D2E8 /* Base */,
			);
			name = Main.storyboard;
			sourceTree = "<group>";
		};
		DA0BA18A2757FA7A0049D2E8 /* LaunchScreen.storyboard */ = {
			isa = PBXVariantGroup;
			children = (
				DA0BA18B2757FA7A0049D2E8 /* Base */,
			);
			name = LaunchScreen.storyboard;
			sourceTree = "<group>";
		};
/* End PBXVariantGroup section */

/* Begin XCBuildConfiguration section */
		DA0BA18E2757FA7A0049D2E8 /* Debug */ = {
			isa = XCBuildConfiguration;
			buildSettings = {
				ALWAYS_SEARCH_USER_PATHS = NO;
				CLANG_ANALYZER_NONNULL = YES;
				CLANG_ANALYZER_NUMBER_OBJECT_CONVERSION = YES_AGGRESSIVE;
				CLANG_CXX_LANGUAGE_STANDARD = "gnu++14";
				CLANG_CXX_LIBRARY = "libc++";
				CLANG_ENABLE_MODULES = YES;
				CLANG_ENABLE_OBJC_ARC = YES;
				CLANG_ENABLE_OBJC_WEAK = YES;
				CLANG_WARN_BLOCK_CAPTURE_AUTORELEASING = YES;
				CLANG_WARN_BOOL_CONVERSION = YES;
				CLANG_WARN_COMMA = YES;
				CLANG_WARN_CONSTANT_CONVERSION = YES;
				CLANG_WARN_DEPRECATED_OBJC_IMPLEMENTATIONS = YES;
				CLANG_WARN_DIRECT_OBJC_ISA_USAGE = YES_ERROR;
				CLANG_WARN_DOCUMENTATION_COMMENTS = YES;
				CLANG_WARN_EMPTY_BODY = YES;
				CLANG_WARN_ENUM_CONVERSION = YES;
				CLANG_WARN_INFINITE_RECURSION = YES;
				CLANG_WARN_INT_CONVERSION = YES;
				CLANG_WARN_NON_LITERAL_NULL_CONVERSION = YES;
				CLANG_WARN_OBJC_IMPLICIT_RETAIN_SELF = YES;
				CLANG_WARN_OBJC_LITERAL_CONVERSION = YES;
				CLANG_WARN_OBJC_ROOT_CLASS = YES_ERROR;
				CLANG_WARN_QUOTED_INCLUDE_IN_FRAMEWORK_HEADER = YES;
				CLANG_WARN_RANGE_LOOP_ANALYSIS = YES;
				CLANG_WARN_STRICT_PROTOTYPES = YES;
				CLANG_WARN_SUSPICIOUS_MOVE = YES;
				CLANG_WARN_UNGUARDED_AVAILABILITY = YES_AGGRESSIVE;
				CLANG_WARN_UNREACHABLE_CODE = YES;
				CLANG_WARN__DUPLICATE_METHOD_MATCH = YES;
				COPY_PHASE_STRIP = NO;
				DEBUG_INFORMATION_FORMAT = dwarf;
				ENABLE_STRICT_OBJC_MSGSEND = YES;
				ENABLE_TESTABILITY = YES;
				GCC_C_LANGUAGE_STANDARD = gnu11;
				GCC_DYNAMIC_NO_PIC = NO;
				GCC_NO_COMMON_BLOCKS = YES;
				GCC_OPTIMIZATION_LEVEL = 0;
				GCC_PREPROCESSOR_DEFINITIONS = (
					"DEBUG=1",
					"$(inherited)",
				);
				GCC_WARN_64_TO_32_BIT_CONVERSION = YES;
				GCC_WARN_ABOUT_RETURN_TYPE = YES_ERROR;
				GCC_WARN_UNDECLARED_SELECTOR = YES;
				GCC_WARN_UNINITIALIZED_AUTOS = YES_AGGRESSIVE;
				GCC_WARN_UNUSED_FUNCTION = YES;
				GCC_WARN_UNUSED_VARIABLE = YES;
				IPHONEOS_DEPLOYMENT_TARGET = 14.4;
				MTL_ENABLE_DEBUG_INFO = INCLUDE_SOURCE;
				MTL_FAST_MATH = YES;
				ONLY_ACTIVE_ARCH = YES;
				SDKROOT = iphoneos;
				SWIFT_ACTIVE_COMPILATION_CONDITIONS = DEBUG;
				SWIFT_OPTIMIZATION_LEVEL = "-Onone";
			};
			name = Debug;
		};
		DA0BA18F2757FA7A0049D2E8 /* Release */ = {
			isa = XCBuildConfiguration;
			buildSettings = {
				ALWAYS_SEARCH_USER_PATHS = NO;
				CLANG_ANALYZER_NONNULL = YES;
				CLANG_ANALYZER_NUMBER_OBJECT_CONVERSION = YES_AGGRESSIVE;
				CLANG_CXX_LANGUAGE_STANDARD = "gnu++14";
				CLANG_CXX_LIBRARY = "libc++";
				CLANG_ENABLE_MODULES = YES;
				CLANG_ENABLE_OBJC_ARC = YES;
				CLANG_ENABLE_OBJC_WEAK = YES;
				CLANG_WARN_BLOCK_CAPTURE_AUTORELEASING = YES;
				CLANG_WARN_BOOL_CONVERSION = YES;
				CLANG_WARN_COMMA = YES;
				CLANG_WARN_CONSTANT_CONVERSION = YES;
				CLANG_WARN_DEPRECATED_OBJC_IMPLEMENTATIONS = YES;
				CLANG_WARN_DIRECT_OBJC_ISA_USAGE = YES_ERROR;
				CLANG_WARN_DOCUMENTATION_COMMENTS = YES;
				CLANG_WARN_EMPTY_BODY = YES;
				CLANG_WARN_ENUM_CONVERSION = YES;
				CLANG_WARN_INFINITE_RECURSION = YES;
				CLANG_WARN_INT_CONVERSION = YES;
				CLANG_WARN_NON_LITERAL_NULL_CONVERSION = YES;
				CLANG_WARN_OBJC_IMPLICIT_RETAIN_SELF = YES;
				CLANG_WARN_OBJC_LITERAL_CONVERSION = YES;
				CLANG_WARN_OBJC_ROOT_CLASS = YES_ERROR;
				CLANG_WARN_QUOTED_INCLUDE_IN_FRAMEWORK_HEADER = YES;
				CLANG_WARN_RANGE_LOOP_ANALYSIS = YES;
				CLANG_WARN_STRICT_PROTOTYPES = YES;
				CLANG_WARN_SUSPICIOUS_MOVE = YES;
				CLANG_WARN_UNGUARDED_AVAILABILITY = YES_AGGRESSIVE;
				CLANG_WARN_UNREACHABLE_CODE = YES;
				CLANG_WARN__DUPLICATE_METHOD_MATCH = YES;
				COPY_PHASE_STRIP = NO;
				DEBUG_INFORMATION_FORMAT = "dwarf-with-dsym";
				ENABLE_NS_ASSERTIONS = NO;
				ENABLE_STRICT_OBJC_MSGSEND = YES;
				GCC_C_LANGUAGE_STANDARD = gnu11;
				GCC_NO_COMMON_BLOCKS = YES;
				GCC_WARN_64_TO_32_BIT_CONVERSION = YES;
				GCC_WARN_ABOUT_RETURN_TYPE = YES_ERROR;
				GCC_WARN_UNDECLARED_SELECTOR = YES;
				GCC_WARN_UNINITIALIZED_AUTOS = YES_AGGRESSIVE;
				GCC_WARN_UNUSED_FUNCTION = YES;
				GCC_WARN_UNUSED_VARIABLE = YES;
				IPHONEOS_DEPLOYMENT_TARGET = 14.4;
				MTL_ENABLE_DEBUG_INFO = NO;
				MTL_FAST_MATH = YES;
				SDKROOT = iphoneos;
				SWIFT_COMPILATION_MODE = wholemodule;
				SWIFT_OPTIMIZATION_LEVEL = "-O";
				VALIDATE_PRODUCT = YES;
			};
			name = Release;
		};
		DA0BA1912757FA7A0049D2E8 /* Debug */ = {
			isa = XCBuildConfiguration;
			buildSettings = {
				ASSETCATALOG_COMPILER_APPICON_NAME = AppIcon;
				ASSETCATALOG_COMPILER_GLOBAL_ACCENT_COLOR_NAME = AccentColor;
				CODE_SIGN_STYLE = Automatic;
				INFOPLIST_FILE = GithubUser/App/Info.plist;
				LD_RUNPATH_SEARCH_PATHS = (
					"$(inherited)",
					"@executable_path/Frameworks",
				);
				PRODUCT_BUNDLE_IDENTIFIER = com.GithubUser;
				PRODUCT_NAME = "$(TARGET_NAME)";
				SWIFT_VERSION = 5.0;
				TARGETED_DEVICE_FAMILY = "1,2";
			};
			name = Debug;
		};
		DA0BA1922757FA7A0049D2E8 /* Release */ = {
			isa = XCBuildConfiguration;
			buildSettings = {
				ASSETCATALOG_COMPILER_APPICON_NAME = AppIcon;
				ASSETCATALOG_COMPILER_GLOBAL_ACCENT_COLOR_NAME = AccentColor;
				CODE_SIGN_STYLE = Automatic;
				INFOPLIST_FILE = GithubUser/App/Info.plist;
				LD_RUNPATH_SEARCH_PATHS = (
					"$(inherited)",
					"@executable_path/Frameworks",
				);
				PRODUCT_BUNDLE_IDENTIFIER = com.GithubUser;
				PRODUCT_NAME = "$(TARGET_NAME)";
				SWIFT_VERSION = 5.0;
				TARGETED_DEVICE_FAMILY = "1,2";
			};
			name = Release;
		};
/* End XCBuildConfiguration section */

/* Begin XCConfigurationList section */
		DA0BA1772757FA780049D2E8 /* Build configuration list for PBXProject "GithubUser" */ = {
			isa = XCConfigurationList;
			buildConfigurations = (
				DA0BA18E2757FA7A0049D2E8 /* Debug */,
				DA0BA18F2757FA7A0049D2E8 /* Release */,
			);
			defaultConfigurationIsVisible = 0;
			defaultConfigurationName = Release;
		};
		DA0BA1902757FA7A0049D2E8 /* Build configuration list for PBXNativeTarget "GithubUser" */ = {
			isa = XCConfigurationList;
			buildConfigurations = (
				DA0BA1912757FA7A0049D2E8 /* Debug */,
				DA0BA1922757FA7A0049D2E8 /* Release */,
			);
			defaultConfigurationIsVisible = 0;
			defaultConfigurationName = Release;
		};
/* End XCConfigurationList section */

/* Begin XCRemoteSwiftPackageReference section */
		DA1DF0D42759165D00636D7B /* XCRemoteSwiftPackageReference "RxSwift" */ = {
			isa = XCRemoteSwiftPackageReference;
			repositoryURL = "https://github.com/ReactiveX/RxSwift";
			requirement = {
				kind = upToNextMajorVersion;
				minimumVersion = 6.2.0;
			};
		};
		DA1DF0DC2759173300636D7B /* XCRemoteSwiftPackageReference "SnapKit" */ = {
			isa = XCRemoteSwiftPackageReference;
			repositoryURL = "https://github.com/SnapKit/SnapKit";
			requirement = {
				kind = upToNextMajorVersion;
				minimumVersion = 5.0.1;
			};
		};
		DA1DF1132759511400636D7B /* XCRemoteSwiftPackageReference "Moya" */ = {
			isa = XCRemoteSwiftPackageReference;
			repositoryURL = "https://github.com/Moya/Moya";
			requirement = {
				kind = upToNextMajorVersion;
				minimumVersion = 15.0.0;
			};
		};
		DA1DF11B2759517100636D7B /* XCRemoteSwiftPackageReference "Kingfisher" */ = {
			isa = XCRemoteSwiftPackageReference;
			repositoryURL = "https://github.com/onevcat/Kingfisher";
			requirement = {
				kind = upToNextMajorVersion;
				minimumVersion = 7.1.1;
			};
		};
/* End XCRemoteSwiftPackageReference section */

/* Begin XCSwiftPackageProductDependency section */
		DA1DF0D52759165D00636D7B /* RxSwift */ = {
			isa = XCSwiftPackageProductDependency;
			package = DA1DF0D42759165D00636D7B /* XCRemoteSwiftPackageReference "RxSwift" */;
			productName = RxSwift;
		};
		DA1DF0D72759165D00636D7B /* RxCocoa */ = {
			isa = XCSwiftPackageProductDependency;
			package = DA1DF0D42759165D00636D7B /* XCRemoteSwiftPackageReference "RxSwift" */;
			productName = RxCocoa;
		};
		DA1DF0D92759165D00636D7B /* RxRelay */ = {
			isa = XCSwiftPackageProductDependency;
			package = DA1DF0D42759165D00636D7B /* XCRemoteSwiftPackageReference "RxSwift" */;
			productName = RxRelay;
		};
		DA1DF0DD2759173300636D7B /* SnapKit */ = {
			isa = XCSwiftPackageProductDependency;
			package = DA1DF0DC2759173300636D7B /* XCRemoteSwiftPackageReference "SnapKit" */;
			productName = SnapKit;
		};
		DA1DF1142759511400636D7B /* CombineMoya */ = {
			isa = XCSwiftPackageProductDependency;
			package = DA1DF1132759511400636D7B /* XCRemoteSwiftPackageReference "Moya" */;
			productName = CombineMoya;
		};
		DA1DF1162759511400636D7B /* Moya */ = {
			isa = XCSwiftPackageProductDependency;
			package = DA1DF1132759511400636D7B /* XCRemoteSwiftPackageReference "Moya" */;
			productName = Moya;
		};
		DA1DF1182759511400636D7B /* RxMoya */ = {
			isa = XCSwiftPackageProductDependency;
			package = DA1DF1132759511400636D7B /* XCRemoteSwiftPackageReference "Moya" */;
			productName = RxMoya;
		};
		DA1DF11C2759517100636D7B /* Kingfisher */ = {
			isa = XCSwiftPackageProductDependency;
			package = DA1DF11B2759517100636D7B /* XCRemoteSwiftPackageReference "Kingfisher" */;
			productName = Kingfisher;
		};
/* End XCSwiftPackageProductDependency section */
	};
	rootObject = DA0BA1742757FA780049D2E8 /* Project object */;
}
